
Microsoft Visual Studio Solution File, Format Version 12.00
# Visual Studio Version 17
VisualStudioVersion = 17.7.34031.279
MinimumVisualStudioVersion = 10.0.40219.1
Project("{FAE04EC0-301F-11D3-BF4B-00C04F79EFBC}") = "Kiosco", "Kiosco\Kiosco.csproj", "{0DAFBFF7-3BA0-4B95-BB66-08E67FD3C7C4}"
EndProject
Project("{FAE04EC0-301F-11D3-BF4B-00C04F79EFBC}") = "Clases", "Clases\Clases.csproj", "{359C2360-2E8D-43E6-9D83-831DBB2AB770}"
EndProject
Global
	GlobalSection(SolutionConfigurationPlatforms) = preSolution
		Debug|Any CPU = Debug|Any CPU
		Release|Any CPU = Release|Any CPU
	EndGlobalSection
	GlobalSection(ProjectConfigurationPlatforms) = postSolution
		{0DAFBFF7-3BA0-4B95-BB66-08E67FD3C7C4}.Debug|Any CPU.ActiveCfg = Debug|Any CPU
		{0DAFBFF7-3BA0-4B95-BB66-08E67FD3C7C4}.Debug|Any CPU.Build.0 = Debug|Any CPU
		{0DAFBFF7-3BA0-4B95-BB66-08E67FD3C7C4}.Release|Any CPU.ActiveCfg = Release|Any CPU
		{0DAFBFF7-3BA0-4B95-BB66-08E67FD3C7C4}.Release|Any CPU.Build.0 = Release|Any CPU
		{359C2360-2E8D-43E6-9D83-831DBB2AB770}.Debug|Any CPU.ActiveCfg = Debug|Any CPU
		{359C2360-2E8D-43E6-9D83-831DBB2AB770}.Debug|Any CPU.Build.0 = Debug|Any CPU
		{359C2360-2E8D-43E6-9D83-831DBB2AB770}.Release|Any CPU.ActiveCfg = Release|Any CPU
		{359C2360-2E8D-43E6-9D83-831DBB2AB770}.Release|Any CPU.Build.0 = Release|Any CPU
	EndGlobalSection
	GlobalSection(SolutionProperties) = preSolution
		HideSolutionNode = FALSE
	EndGlobalSection
	GlobalSection(ExtensibilityGlobals) = postSolution
		SolutionGuid = {EDB2F6E4-112A-4B13-8248-8DCFD5DD7B3F}
	EndGlobalSection
EndGlobal
